github.com/jinzhu/inflection v1.0.0 h1:K317FqzuhWc8YvSVlFMCCUb36O/S9MCKRDI7QkRKD/E=
github.com/jinzhu/inflection v1.0.0/go.mod h1:h+uFLlag+Qp1Va5pdKtLDYj+kHp5pxUVkryuEj+Srlc=
github.com/lib/pq v1.10.9 h1:YXG7RB+JIjhP29X+OtkiDnYaXQwpS4JEWq7dtCCRUEw=
github.com/lib/pq v1.10.9/go.mod h1:AlVN5x4E4T544tWzH6hKfbfQvm3HdbOxrmggDNAPY9o=
github.com/tmthrgd/go-hex v0.0.0-20190904060850-447a3041c3bc h1:9lRDQMhESg+zvGYmW5DyG0UqvY96Bu5QYsTLvCHdrgo=
github.com/tmthrgd/go-hex v0.0.0-20190904060850-447a3041c3bc/go.mod h1:bciPuU6GHm1iF1pBvUfxfsH0Wmnc2VbpgvbI9ZWuIRs=
github.com/uptrace/bun v1.2.1 h1:2ENAcfeCfaY5+2e7z5pXrzFKy3vS8VXvkCag6N2Yzfk=
github.com/uptrace/bun v1.2.1/go.mod h1:cNg+pWBUMmJ8rHnETgf65CEvn3aIKErrwOD6IA8e+Ec=
github.com/uptrace/bun/dialect/pgdialect v1.2.1 h1:ceP99r03u+s8ylaDE/RzgcajwGiC76Jz3nS2ZgyPQ4M=
github.com/uptrace/bun/dialect/pgdialect v1.2.1/go.mod h1:mv6B12cisvSc6bwKm9q9wcrr26awkZK8QXM+nso9n2U=
github.com/uptrace/bun/driver/pgdriver v1.2.1 h1:Cp6c1tKzbTIyL8o0cGT6cOhTsmQZdsUNhgcV51dsmLU=
github.com/uptrace/bun/driver/pgdriver v1.2.1/go.mod h1:jEd3WGx74hWLat3/IkesOoWNjrFNUDADK3nkyOFOOJM=
github.com/vmihailenco/msgpack/v5 v5.4.1 h1:cQriyiUvjTwOHg8QZaPihLWeRAAVoCpE00IUPn0Bjt8=
github.com/vmihailenco/msgpack/v5 v5.4.1/go.mod h1:GaZTsDaehaPpQVyxrf5mtQlH+pc21PIudVV/E3rRQok=
github.com/vmihailenco/tagparser/v2 v2.0.0 h1:y09buUbR+b5aycVFQs/g70pqKVZNBmxwAhO7/IwNM9g=
github.com/vmihailenco/tagparser/v2 v2.0.0/go.mod h1:Wri+At7QHww0WTrCBeu4J6bNtoV6mEfg5OIWRZA9qds=
github.com/zencoder/go-dash v0.0.0-20201006100653-2f93b14912b2 h1:0iAY2pL6yYhNYpdc1DbFq0p7ocyu5MlgKmkealhz3nk=
github.com/zencoder/go-dash v0.0.0-20201006100653-2f93b14912b2/go.mod h1:c8Gxxfmh0jmZ6G+ISlpa315WBVkzd8mEhu6gN9mn5Qg=
github.com/zencoder/go-dash/v3 v3.0.3 h1:xqwGJ2fJCSArwONGx6sY26Z1lxQ7zTURoxdRjCpuodM=
github.com/zencoder/go-dash/v3 v3.0.3/go.mod h1:30R5bKy1aUYY45yesjtZ9l8trNc2TwNqbS17WVQmCzk=
golang.org/x/crypto v0.21.0 h1:X31++rzVUdKhX5sWmSOFZxx8UW/ldWx55cbf08iNAMA=
golang.org/x/crypto v0.21.0/go.mod h1:0BP7YvVV9gBbVKyeTG0Gyn+gZm94bibOW5BjDEYAOMs=
golang.org/x/sys v0.18.0 h1:DBdB3niSjOA/O0blCZBqDefyWNYveAYMNF1Wum0DYQ4=
golang.org/x/sys v0.18.0/go.mod h1:/VUhepiaJMQUp4+oa/7Zr1D23ma6VTLIYjOOTFZPUcA=
mellium.im/sasl v0.3.1 h1:wE0LW6g7U83vhvxjC1IY8DnXM+EU095yeo8XClvCdfo=
mellium.im/sasl v0.3.1/go.mod h1:xm59PUYpZHhgQ9ZqoJ5QaCqzWMi8IeS49dhp6plPCzw=
